
Microsoft Visual Studio Solution File, Format Version 12.00
# Visual Studio 15
VisualStudioVersion = 15.0.27428.2002
MinimumVisualStudioVersion = 10.0.40219.1
Project("{FAE04EC0-301F-11D3-BF4B-00C04F79EFBC}") = "GeometricCoordinateLocator", "GeometricCoordinateLocator\GeometricCoordinateLocator.csproj", "{2F247435-3E5A-4368-8FEF-6A88D382E394}"
EndProject
Project("{FAE04EC0-301F-11D3-BF4B-00C04F79EFBC}") = "GeometryHelper", "GeometryHelper\GeometryHelper.csproj", "{F4DC6174-2580-44CB-9F6C-5C6533F9AEA5}"
EndProject
Project("{FAE04EC0-301F-11D3-BF4B-00C04F79EFBC}") = "GeometryHelper.Tests", "GeometryHelper.Tests\GeometryHelper.Tests.csproj", "{20BAFAE2-76BE-4A41-8764-F155AEEC4B55}"
EndProject
Global
	GlobalSection(SolutionConfigurationPlatforms) = preSolution
		Debug|Any CPU = Debug|Any CPU
		Release|Any CPU = Release|Any CPU
	EndGlobalSection
	GlobalSection(ProjectConfigurationPlatforms) = postSolution
		{2F247435-3E5A-4368-8FEF-6A88D382E394}.Debug|Any CPU.ActiveCfg = Debug|Any CPU
		{2F247435-3E5A-4368-8FEF-6A88D382E394}.Debug|Any CPU.Build.0 = Debug|Any CPU
		{2F247435-3E5A-4368-8FEF-6A88D382E394}.Release|Any CPU.ActiveCfg = Release|Any CPU
		{2F247435-3E5A-4368-8FEF-6A88D382E394}.Release|Any CPU.Build.0 = Release|Any CPU
		{F4DC6174-2580-44CB-9F6C-5C6533F9AEA5}.Debug|Any CPU.ActiveCfg = Debug|Any CPU
		{F4DC6174-2580-44CB-9F6C-5C6533F9AEA5}.Debug|Any CPU.Build.0 = Debug|Any CPU
		{F4DC6174-2580-44CB-9F6C-5C6533F9AEA5}.Release|Any CPU.ActiveCfg = Release|Any CPU
		{F4DC6174-2580-44CB-9F6C-5C6533F9AEA5}.Release|Any CPU.Build.0 = Release|Any CPU
		{20BAFAE2-76BE-4A41-8764-F155AEEC4B55}.Debug|Any CPU.ActiveCfg = Debug|Any CPU
		{20BAFAE2-76BE-4A41-8764-F155AEEC4B55}.Debug|Any CPU.Build.0 = Debug|Any CPU
		{20BAFAE2-76BE-4A41-8764-F155AEEC4B55}.Release|Any CPU.ActiveCfg = Release|Any CPU
		{20BAFAE2-76BE-4A41-8764-F155AEEC4B55}.Release|Any CPU.Build.0 = Release|Any CPU
	EndGlobalSection
	GlobalSection(SolutionProperties) = preSolution
		HideSolutionNode = FALSE
	EndGlobalSection
	GlobalSection(ExtensibilityGlobals) = postSolution
		SolutionGuid = {94CFD1CC-6CDF-431A-B816-2460295F12D5}
	EndGlobalSection
EndGlobal
